
Microsoft Visual Studio Solution File, Format Version 12.00
# Visual Studio Version 17
VisualStudioVersion = 17.9.34622.214
MinimumVisualStudioVersion = 10.0.40219.1
Project("{FAE04EC0-301F-11D3-BF4B-00C04F79EFBC}") = "RecordsTuplesPolymorphismAbstractions", "RecordsTuplesPolymorphismAbstractions\RecordsTuplesPolymorphismAbstractions.csproj", "{199E97CE-7215-496A-B16E-08DA80BC8DC0}"
EndProject
Project("{FAE04EC0-301F-11D3-BF4B-00C04F79EFBC}") = "Core", "Core\Core.csproj", "{F758FA07-3280-4DB6-83A6-C6CB681E6487}"
EndProject
Global
	GlobalSection(SolutionConfigurationPlatforms) = preSolution
		Debug|Any CPU = Debug|Any CPU
		Release|Any CPU = Release|Any CPU
	EndGlobalSection
	GlobalSection(ProjectConfigurationPlatforms) = postSolution
		{199E97CE-7215-496A-B16E-08DA80BC8DC0}.Debug|Any CPU.ActiveCfg = Debug|Any CPU
		{199E97CE-7215-496A-B16E-08DA80BC8DC0}.Debug|Any CPU.Build.0 = Debug|Any CPU
		{199E97CE-7215-496A-B16E-08DA80BC8DC0}.Release|Any CPU.ActiveCfg = Release|Any CPU
		{199E97CE-7215-496A-B16E-08DA80BC8DC0}.Release|Any CPU.Build.0 = Release|Any CPU
		{F758FA07-3280-4DB6-83A6-C6CB681E6487}.Debug|Any CPU.ActiveCfg = Debug|Any CPU
		{F758FA07-3280-4DB6-83A6-C6CB681E6487}.Debug|Any CPU.Build.0 = Debug|Any CPU
		{F758FA07-3280-4DB6-83A6-C6CB681E6487}.Release|Any CPU.ActiveCfg = Release|Any CPU
		{F758FA07-3280-4DB6-83A6-C6CB681E6487}.Release|Any CPU.Build.0 = Release|Any CPU
	EndGlobalSection
	GlobalSection(SolutionProperties) = preSolution
		HideSolutionNode = FALSE
	EndGlobalSection
	GlobalSection(ExtensibilityGlobals) = postSolution
		SolutionGuid = {B4E4D341-C881-4ECF-8291-0A877E924CBD}
	EndGlobalSection
EndGlobal
